
Microsoft Visual Studio Solution File, Format Version 12.00
# Visual Studio Version 16
VisualStudioVersion = 16.0.35931.194
MinimumVisualStudioVersion = 10.0.40219.1
Project("{FAE04EC0-301F-11D3-BF4B-00C04F79EFBC}") = "Placement-Test", "Placement-Test\Placement-Test.csproj", "{3CEA3586-1A5E-44A3-B5CE-9CD4D7EE1D3C}"
EndProject
Global
	GlobalSection(SolutionConfigurationPlatforms) = preSolution
		Debug|Any CPU = Debug|Any CPU
		Release|Any CPU = Release|Any CPU
	EndGlobalSection
	GlobalSection(ProjectConfigurationPlatforms) = postSolution
		{3CEA3586-1A5E-44A3-B5CE-9CD4D7EE1D3C}.Debug|Any CPU.ActiveCfg = Debug|Any CPU
		{3CEA3586-1A5E-44A3-B5CE-9CD4D7EE1D3C}.Debug|Any CPU.Build.0 = Debug|Any CPU
		{3CEA3586-1A5E-44A3-B5CE-9CD4D7EE1D3C}.Release|Any CPU.ActiveCfg = Release|Any CPU
		{3CEA3586-1A5E-44A3-B5CE-9CD4D7EE1D3C}.Release|Any CPU.Build.0 = Release|Any CPU
	EndGlobalSection
	GlobalSection(SolutionProperties) = preSolution
		HideSolutionNode = FALSE
	EndGlobalSection
	GlobalSection(ExtensibilityGlobals) = postSolution
		SolutionGuid = {2C4CDFB7-FA90-430B-A9DD-8E54DF338466}
	EndGlobalSection
EndGlobal
